
Microsoft Visual Studio Solution File, Format Version 12.00
# Visual Studio 2013
VisualStudioVersion = 12.0.31101.0
MinimumVisualStudioVersion = 10.0.40219.1
Project("{FAE04EC0-301F-11D3-BF4B-00C04F79EFBC}") = "Cardinal-System-Shared", "Cardinal-System-Shared\Cardinal-System-Shared.csproj", "{0DB3108A-959F-4460-A311-53DAC6D63211}"
EndProject
Project("{FAE04EC0-301F-11D3-BF4B-00C04F79EFBC}") = "Cardinal-System-Circuit", "Cardinal-System-Circuit\Cardinal-System-Circuit.csproj", "{C842CC8C-C79D-47EF-9AC2-E9B6D56F18FD}"
EndProject
Project("{FAE04EC0-301F-11D3-BF4B-00C04F79EFBC}") = "Cardinal-System-Common", "Cardinal-System-Common\Cardinal-System-Common.csproj", "{A949D6BF-8301-46F1-ADEF-D73B15B48D66}"
EndProject
Project("{FAE04EC0-301F-11D3-BF4B-00C04F79EFBC}") = "Cardinal-System-Test", "Cardinal-System-Test\Cardinal-System-Test.csproj", "{4FB924A0-8AD8-4C0D-8AB0-F0D92618645E}"
EndProject
Project("{FAE04EC0-301F-11D3-BF4B-00C04F79EFBC}") = "Cardinal-System-Server", "Cardinal-System-Server\Cardinal-System-Server.csproj", "{CF0EF68D-8073-4B52-BBE0-8785676512D3}"
EndProject
Project("{FAE04EC0-301F-11D3-BF4B-00C04F79EFBC}") = "Cardinal-System-HeathCliff", "Cardinal-System-HeathCliff\Cardinal-System-HeathCliff.csproj", "{78C0F8BC-3077-4767-9631-0BBA772C319C}"
EndProject
Global
	GlobalSection(SolutionConfigurationPlatforms) = preSolution
		Debug|Any CPU = Debug|Any CPU
		Release|Any CPU = Release|Any CPU
	EndGlobalSection
	GlobalSection(ProjectConfigurationPlatforms) = postSolution
		{0DB3108A-959F-4460-A311-53DAC6D63211}.Debug|Any CPU.ActiveCfg = Debug|Any CPU
		{0DB3108A-959F-4460-A311-53DAC6D63211}.Debug|Any CPU.Build.0 = Debug|Any CPU
		{0DB3108A-959F-4460-A311-53DAC6D63211}.Release|Any CPU.ActiveCfg = Release|Any CPU
		{0DB3108A-959F-4460-A311-53DAC6D63211}.Release|Any CPU.Build.0 = Release|Any CPU
		{C842CC8C-C79D-47EF-9AC2-E9B6D56F18FD}.Debug|Any CPU.ActiveCfg = Debug|Any CPU
		{C842CC8C-C79D-47EF-9AC2-E9B6D56F18FD}.Debug|Any CPU.Build.0 = Debug|Any CPU
		{C842CC8C-C79D-47EF-9AC2-E9B6D56F18FD}.Release|Any CPU.ActiveCfg = Release|Any CPU
		{C842CC8C-C79D-47EF-9AC2-E9B6D56F18FD}.Release|Any CPU.Build.0 = Release|Any CPU
		{A949D6BF-8301-46F1-ADEF-D73B15B48D66}.Debug|Any CPU.ActiveCfg = Debug|Any CPU
		{A949D6BF-8301-46F1-ADEF-D73B15B48D66}.Debug|Any CPU.Build.0 = Debug|Any CPU
		{A949D6BF-8301-46F1-ADEF-D73B15B48D66}.Release|Any CPU.ActiveCfg = Release|Any CPU
		{A949D6BF-8301-46F1-ADEF-D73B15B48D66}.Release|Any CPU.Build.0 = Release|Any CPU
		{4FB924A0-8AD8-4C0D-8AB0-F0D92618645E}.Debug|Any CPU.ActiveCfg = Debug|Any CPU
		{4FB924A0-8AD8-4C0D-8AB0-F0D92618645E}.Debug|Any CPU.Build.0 = Debug|Any CPU
		{4FB924A0-8AD8-4C0D-8AB0-F0D92618645E}.Release|Any CPU.ActiveCfg = Release|Any CPU
		{4FB924A0-8AD8-4C0D-8AB0-F0D92618645E}.Release|Any CPU.Build.0 = Release|Any CPU
		{CF0EF68D-8073-4B52-BBE0-8785676512D3}.Debug|Any CPU.ActiveCfg = Debug|Any CPU
		{CF0EF68D-8073-4B52-BBE0-8785676512D3}.Debug|Any CPU.Build.0 = Debug|Any CPU
		{CF0EF68D-8073-4B52-BBE0-8785676512D3}.Release|Any CPU.ActiveCfg = Release|Any CPU
		{CF0EF68D-8073-4B52-BBE0-8785676512D3}.Release|Any CPU.Build.0 = Release|Any CPU
		{78C0F8BC-3077-4767-9631-0BBA772C319C}.Debug|Any CPU.ActiveCfg = Debug|Any CPU
		{78C0F8BC-3077-4767-9631-0BBA772C319C}.Debug|Any CPU.Build.0 = Debug|Any CPU
		{78C0F8BC-3077-4767-9631-0BBA772C319C}.Release|Any CPU.ActiveCfg = Release|Any CPU
		{78C0F8BC-3077-4767-9631-0BBA772C319C}.Release|Any CPU.Build.0 = Release|Any CPU
	EndGlobalSection
	GlobalSection(SolutionProperties) = preSolution
		HideSolutionNode = FALSE
	EndGlobalSection
EndGlobal
